
Microsoft Visual Studio Solution File, Format Version 12.00
# Visual Studio Version 16
VisualStudioVersion = 16.0.29503.13
MinimumVisualStudioVersion = 10.0.40219.1
Project("{FAE04EC0-301F-11D3-BF4B-00C04F79EFBC}") = "ClubEx.Android", "ClubEx\ClubEx.Android\ClubEx.Android.csproj", "{78E9E2CE-844B-40FB-BDE6-D6CDC7A958B4}"
EndProject
Project("{FAE04EC0-301F-11D3-BF4B-00C04F79EFBC}") = "ClubEx.iOS", "ClubEx\ClubEx.iOS\ClubEx.iOS.csproj", "{479C79BE-D6D9-4B54-BF39-514F9B878F1E}"
EndProject
Project("{FAE04EC0-301F-11D3-BF4B-00C04F79EFBC}") = "ClubEx", "ClubEx\ClubEx\ClubEx.csproj", "{11C69144-187B-41D9-9B8E-CDB74AE70241}"
EndProject
Global
	GlobalSection(SolutionConfigurationPlatforms) = preSolution
		Debug|Any CPU = Debug|Any CPU
		Debug|iPhone = Debug|iPhone
		Debug|iPhoneSimulator = Debug|iPhoneSimulator
		Release|Any CPU = Release|Any CPU
		Release|iPhone = Release|iPhone
		Release|iPhoneSimulator = Release|iPhoneSimulator
	EndGlobalSection
	GlobalSection(ProjectConfigurationPlatforms) = postSolution
		{78E9E2CE-844B-40FB-BDE6-D6CDC7A958B4}.Debug|Any CPU.ActiveCfg = Debug|Any CPU
		{78E9E2CE-844B-40FB-BDE6-D6CDC7A958B4}.Debug|Any CPU.Build.0 = Debug|Any CPU
		{78E9E2CE-844B-40FB-BDE6-D6CDC7A958B4}.Debug|Any CPU.Deploy.0 = Debug|Any CPU
		{78E9E2CE-844B-40FB-BDE6-D6CDC7A958B4}.Debug|iPhone.ActiveCfg = Debug|Any CPU
		{78E9E2CE-844B-40FB-BDE6-D6CDC7A958B4}.Debug|iPhone.Build.0 = Debug|Any CPU
		{78E9E2CE-844B-40FB-BDE6-D6CDC7A958B4}.Debug|iPhone.Deploy.0 = Debug|Any CPU
		{78E9E2CE-844B-40FB-BDE6-D6CDC7A958B4}.Debug|iPhoneSimulator.ActiveCfg = Debug|Any CPU
		{78E9E2CE-844B-40FB-BDE6-D6CDC7A958B4}.Debug|iPhoneSimulator.Build.0 = Debug|Any CPU
		{78E9E2CE-844B-40FB-BDE6-D6CDC7A958B4}.Debug|iPhoneSimulator.Deploy.0 = Debug|Any CPU
		{78E9E2CE-844B-40FB-BDE6-D6CDC7A958B4}.Release|Any CPU.ActiveCfg = Release|Any CPU
		{78E9E2CE-844B-40FB-BDE6-D6CDC7A958B4}.Release|Any CPU.Build.0 = Release|Any CPU
		{78E9E2CE-844B-40FB-BDE6-D6CDC7A958B4}.Release|Any CPU.Deploy.0 = Release|Any CPU
		{78E9E2CE-844B-40FB-BDE6-D6CDC7A958B4}.Release|iPhone.ActiveCfg = Release|Any CPU
		{78E9E2CE-844B-40FB-BDE6-D6CDC7A958B4}.Release|iPhone.Build.0 = Release|Any CPU
		{78E9E2CE-844B-40FB-BDE6-D6CDC7A958B4}.Release|iPhone.Deploy.0 = Release|Any CPU
		{78E9E2CE-844B-40FB-BDE6-D6CDC7A958B4}.Release|iPhoneSimulator.ActiveCfg = Release|Any CPU
		{78E9E2CE-844B-40FB-BDE6-D6CDC7A958B4}.Release|iPhoneSimulator.Build.0 = Release|Any CPU
		{78E9E2CE-844B-40FB-BDE6-D6CDC7A958B4}.Release|iPhoneSimulator.Deploy.0 = Release|Any CPU
		{479C79BE-D6D9-4B54-BF39-514F9B878F1E}.Debug|Any CPU.ActiveCfg = Debug|iPhoneSimulator
		{479C79BE-D6D9-4B54-BF39-514F9B878F1E}.Debug|Any CPU.Build.0 = Debug|iPhoneSimulator
		{479C79BE-D6D9-4B54-BF39-514F9B878F1E}.Debug|Any CPU.Deploy.0 = Debug|iPhoneSimulator
		{479C79BE-D6D9-4B54-BF39-514F9B878F1E}.Debug|iPhone.ActiveCfg = Debug|iPhone
		{479C79BE-D6D9-4B54-BF39-514F9B878F1E}.Debug|iPhone.Build.0 = Debug|iPhone
		{479C79BE-D6D9-4B54-BF39-514F9B878F1E}.Debug|iPhone.Deploy.0 = Debug|iPhone
		{479C79BE-D6D9-4B54-BF39-514F9B878F1E}.Debug|iPhoneSimulator.ActiveCfg = Debug|iPhoneSimulator
		{479C79BE-D6D9-4B54-BF39-514F9B878F1E}.Debug|iPhoneSimulator.Build.0 = Debug|iPhoneSimulator
		{479C79BE-D6D9-4B54-BF39-514F9B878F1E}.Debug|iPhoneSimulator.Deploy.0 = Debug|iPhoneSimulator
		{479C79BE-D6D9-4B54-BF39-514F9B878F1E}.Release|Any CPU.ActiveCfg = Release|iPhone
		{479C79BE-D6D9-4B54-BF39-514F9B878F1E}.Release|Any CPU.Build.0 = Release|iPhone
		{479C79BE-D6D9-4B54-BF39-514F9B878F1E}.Release|Any CPU.Deploy.0 = Release|iPhone
		{479C79BE-D6D9-4B54-BF39-514F9B878F1E}.Release|iPhone.ActiveCfg = Release|iPhone
		{479C79BE-D6D9-4B54-BF39-514F9B878F1E}.Release|iPhone.Build.0 = Release|iPhone
		{479C79BE-D6D9-4B54-BF39-514F9B878F1E}.Release|iPhone.Deploy.0 = Release|iPhone
		{479C79BE-D6D9-4B54-BF39-514F9B878F1E}.Release|iPhoneSimulator.ActiveCfg = Release|iPhoneSimulator
		{479C79BE-D6D9-4B54-BF39-514F9B878F1E}.Release|iPhoneSimulator.Build.0 = Release|iPhoneSimulator
		{479C79BE-D6D9-4B54-BF39-514F9B878F1E}.Release|iPhoneSimulator.Deploy.0 = Release|iPhoneSimulator
		{11C69144-187B-41D9-9B8E-CDB74AE70241}.Debug|Any CPU.ActiveCfg = Debug|Any CPU
		{11C69144-187B-41D9-9B8E-CDB74AE70241}.Debug|Any CPU.Build.0 = Debug|Any CPU
		{11C69144-187B-41D9-9B8E-CDB74AE70241}.Debug|Any CPU.Deploy.0 = Debug|Any CPU
		{11C69144-187B-41D9-9B8E-CDB74AE70241}.Debug|iPhone.ActiveCfg = Debug|Any CPU
		{11C69144-187B-41D9-9B8E-CDB74AE70241}.Debug|iPhone.Build.0 = Debug|Any CPU
		{11C69144-187B-41D9-9B8E-CDB74AE70241}.Debug|iPhone.Deploy.0 = Debug|Any CPU
		{11C69144-187B-41D9-9B8E-CDB74AE70241}.Debug|iPhoneSimulator.ActiveCfg = Debug|Any CPU
		{11C69144-187B-41D9-9B8E-CDB74AE70241}.Debug|iPhoneSimulator.Build.0 = Debug|Any CPU
		{11C69144-187B-41D9-9B8E-CDB74AE70241}.Debug|iPhoneSimulator.Deploy.0 = Debug|Any CPU
		{11C69144-187B-41D9-9B8E-CDB74AE70241}.Release|Any CPU.ActiveCfg = Release|Any CPU
		{11C69144-187B-41D9-9B8E-CDB74AE70241}.Release|Any CPU.Build.0 = Release|Any CPU
		{11C69144-187B-41D9-9B8E-CDB74AE70241}.Release|Any CPU.Deploy.0 = Release|Any CPU
		{11C69144-187B-41D9-9B8E-CDB74AE70241}.Release|iPhone.ActiveCfg = Release|Any CPU
		{11C69144-187B-41D9-9B8E-CDB74AE70241}.Release|iPhone.Build.0 = Release|Any CPU
		{11C69144-187B-41D9-9B8E-CDB74AE70241}.Release|iPhone.Deploy.0 = Release|Any CPU
		{11C69144-187B-41D9-9B8E-CDB74AE70241}.Release|iPhoneSimulator.ActiveCfg = Release|Any CPU
		{11C69144-187B-41D9-9B8E-CDB74AE70241}.Release|iPhoneSimulator.Build.0 = Release|Any CPU
		{11C69144-187B-41D9-9B8E-CDB74AE70241}.Release|iPhoneSimulator.Deploy.0 = Release|Any CPU
	EndGlobalSection
	GlobalSection(SolutionProperties) = preSolution
		HideSolutionNode = FALSE
	EndGlobalSection
	GlobalSection(ExtensibilityGlobals) = postSolution
		SolutionGuid = {BAF3DC1E-5FD7-489E-8C96-BD3597D137DF}
	EndGlobalSection
EndGlobal
